
Microsoft Visual Studio Solution File, Format Version 12.00
# Visual Studio Version 16
VisualStudioVersion = 16.0.30011.22
MinimumVisualStudioVersion = 10.0.40219.1
Project("{9A19103F-16F7-4668-BE54-9A1E7A4F7556}") = "IOT_ErpManageSystem.API", "IOT_ErpManageSystem.API\IOT_ErpManageSystem.API.csproj", "{1D61B36D-56F5-4787-888F-547FB506D376}"
EndProject
Project("{9A19103F-16F7-4668-BE54-9A1E7A4F7556}") = "IOT_ErpManageSystem.BLL", "IOT_ErpManageSystem.BLL\IOT_ErpManageSystem.BLL.csproj", "{1670885B-6DA6-44B8-9063-B1F591C9D3DA}"
EndProject
Project("{9A19103F-16F7-4668-BE54-9A1E7A4F7556}") = "IOT_ErpManageSystem.DAL", "IOT_ErpManageSystem.DAL\IOT_ErpManageSystem.DAL.csproj", "{2010F1DA-1988-426D-8E26-9619821F0DCE}"
EndProject
Project("{9A19103F-16F7-4668-BE54-9A1E7A4F7556}") = "IOT_ErpManageSystem.Models", "IOT_ErpManageSystem.Models\IOT_ErpManageSystem.Models.csproj", "{CC874C70-5AD2-47CF-8CCF-BD600F4018BC}"
EndProject
Project("{9A19103F-16F7-4668-BE54-9A1E7A4F7556}") = "IOT_ErpManageSystem.View", "IOT_ErpManageSystem.View\IOT_ErpManageSystem.View.csproj", "{99CAA184-BFF0-42E9-A91A-592591EF46B5}"
EndProject
Project("{FAE04EC0-301F-11D3-BF4B-00C04F79EFBC}") = "IOT_ErpManageSystem.Common", "IOT_ErpManageSystem.Common\IOT_ErpManageSystem.Common.csproj", "{9DF43ADE-D887-46CA-AF4A-039F083EED73}"
EndProject
Global
	GlobalSection(SolutionConfigurationPlatforms) = preSolution
		Debug|Any CPU = Debug|Any CPU
		Release|Any CPU = Release|Any CPU
	EndGlobalSection
	GlobalSection(ProjectConfigurationPlatforms) = postSolution
		{1D61B36D-56F5-4787-888F-547FB506D376}.Debug|Any CPU.ActiveCfg = Debug|Any CPU
		{1D61B36D-56F5-4787-888F-547FB506D376}.Debug|Any CPU.Build.0 = Debug|Any CPU
		{1D61B36D-56F5-4787-888F-547FB506D376}.Release|Any CPU.ActiveCfg = Release|Any CPU
		{1D61B36D-56F5-4787-888F-547FB506D376}.Release|Any CPU.Build.0 = Release|Any CPU
		{1670885B-6DA6-44B8-9063-B1F591C9D3DA}.Debug|Any CPU.ActiveCfg = Debug|Any CPU
		{1670885B-6DA6-44B8-9063-B1F591C9D3DA}.Debug|Any CPU.Build.0 = Debug|Any CPU
		{1670885B-6DA6-44B8-9063-B1F591C9D3DA}.Release|Any CPU.ActiveCfg = Release|Any CPU
		{1670885B-6DA6-44B8-9063-B1F591C9D3DA}.Release|Any CPU.Build.0 = Release|Any CPU
		{2010F1DA-1988-426D-8E26-9619821F0DCE}.Debug|Any CPU.ActiveCfg = Debug|Any CPU
		{2010F1DA-1988-426D-8E26-9619821F0DCE}.Debug|Any CPU.Build.0 = Debug|Any CPU
		{2010F1DA-1988-426D-8E26-9619821F0DCE}.Release|Any CPU.ActiveCfg = Release|Any CPU
		{2010F1DA-1988-426D-8E26-9619821F0DCE}.Release|Any CPU.Build.0 = Release|Any CPU
		{CC874C70-5AD2-47CF-8CCF-BD600F4018BC}.Debug|Any CPU.ActiveCfg = Debug|Any CPU
		{CC874C70-5AD2-47CF-8CCF-BD600F4018BC}.Debug|Any CPU.Build.0 = Debug|Any CPU
		{CC874C70-5AD2-47CF-8CCF-BD600F4018BC}.Release|Any CPU.ActiveCfg = Release|Any CPU
		{CC874C70-5AD2-47CF-8CCF-BD600F4018BC}.Release|Any CPU.Build.0 = Release|Any CPU
		{99CAA184-BFF0-42E9-A91A-592591EF46B5}.Debug|Any CPU.ActiveCfg = Debug|Any CPU
		{99CAA184-BFF0-42E9-A91A-592591EF46B5}.Debug|Any CPU.Build.0 = Debug|Any CPU
		{99CAA184-BFF0-42E9-A91A-592591EF46B5}.Release|Any CPU.ActiveCfg = Release|Any CPU
		{99CAA184-BFF0-42E9-A91A-592591EF46B5}.Release|Any CPU.Build.0 = Release|Any CPU
		{9DF43ADE-D887-46CA-AF4A-039F083EED73}.Debug|Any CPU.ActiveCfg = Debug|Any CPU
		{9DF43ADE-D887-46CA-AF4A-039F083EED73}.Debug|Any CPU.Build.0 = Debug|Any CPU
		{9DF43ADE-D887-46CA-AF4A-039F083EED73}.Release|Any CPU.ActiveCfg = Release|Any CPU
		{9DF43ADE-D887-46CA-AF4A-039F083EED73}.Release|Any CPU.Build.0 = Release|Any CPU
	EndGlobalSection
	GlobalSection(SolutionProperties) = preSolution
		HideSolutionNode = FALSE
	EndGlobalSection
	GlobalSection(ExtensibilityGlobals) = postSolution
		SolutionGuid = {72417D27-4130-4733-926E-5773380B2867}
	EndGlobalSection
EndGlobal
